
Microsoft Visual Studio Solution File, Format Version 12.00
# Visual Studio Version 17
VisualStudioVersion = 17.10.35201.131
MinimumVisualStudioVersion = 10.0.40219.1
Project("{FAE04EC0-301F-11D3-BF4B-00C04F79EFBC}") = "Notas_app03_Csharp", "Notas_app03_Csharp\Notas_app03_Csharp.csproj", "{DA178C02-5ECD-44CF-AAF1-B084BFB6011A}"
EndProject
Global
	GlobalSection(SolutionConfigurationPlatforms) = preSolution
		Debug|Any CPU = Debug|Any CPU
		Release|Any CPU = Release|Any CPU
	EndGlobalSection
	GlobalSection(ProjectConfigurationPlatforms) = postSolution
		{DA178C02-5ECD-44CF-AAF1-B084BFB6011A}.Debug|Any CPU.ActiveCfg = Debug|Any CPU
		{DA178C02-5ECD-44CF-AAF1-B084BFB6011A}.Debug|Any CPU.Build.0 = Debug|Any CPU
		{DA178C02-5ECD-44CF-AAF1-B084BFB6011A}.Debug|Any CPU.Deploy.0 = Debug|Any CPU
		{DA178C02-5ECD-44CF-AAF1-B084BFB6011A}.Release|Any CPU.ActiveCfg = Release|Any CPU
		{DA178C02-5ECD-44CF-AAF1-B084BFB6011A}.Release|Any CPU.Build.0 = Release|Any CPU
		{DA178C02-5ECD-44CF-AAF1-B084BFB6011A}.Release|Any CPU.Deploy.0 = Release|Any CPU
	EndGlobalSection
	GlobalSection(SolutionProperties) = preSolution
		HideSolutionNode = FALSE
	EndGlobalSection
	GlobalSection(ExtensibilityGlobals) = postSolution
		SolutionGuid = {E823B8FD-3642-4A4D-97BA-C47ED944695E}
	EndGlobalSection
EndGlobal
